
Microsoft Visual Studio Solution File, Format Version 12.00
# Visual Studio Version 16
VisualStudioVersion = 16.0.30804.86
MinimumVisualStudioVersion = 10.0.40219.1
Project("{FAE04EC0-301F-11D3-BF4B-00C04F79EFBC}") = "TKcp", "TKcp\TKcp.csproj", "{C36D32F0-5D7B-44B7-B20E-91A5B77E8090}"
EndProject
Project("{FAE04EC0-301F-11D3-BF4B-00C04F79EFBC}") = "TKcpDemo", "TKcpDemo\TKcpDemo.csproj", "{B121CA42-2DB6-471D-A48E-1466125DBE60}"
	ProjectSection(ProjectDependencies) = postProject
		{C36D32F0-5D7B-44B7-B20E-91A5B77E8090} = {C36D32F0-5D7B-44B7-B20E-91A5B77E8090}
	EndProjectSection
EndProject
Global
	GlobalSection(SolutionConfigurationPlatforms) = preSolution
		Debug|Any CPU = Debug|Any CPU
		Release|Any CPU = Release|Any CPU
	EndGlobalSection
	GlobalSection(ProjectConfigurationPlatforms) = postSolution
		{C36D32F0-5D7B-44B7-B20E-91A5B77E8090}.Debug|Any CPU.ActiveCfg = Debug|Any CPU
		{C36D32F0-5D7B-44B7-B20E-91A5B77E8090}.Debug|Any CPU.Build.0 = Debug|Any CPU
		{C36D32F0-5D7B-44B7-B20E-91A5B77E8090}.Release|Any CPU.ActiveCfg = Release|Any CPU
		{C36D32F0-5D7B-44B7-B20E-91A5B77E8090}.Release|Any CPU.Build.0 = Release|Any CPU
		{B121CA42-2DB6-471D-A48E-1466125DBE60}.Debug|Any CPU.ActiveCfg = Debug|Any CPU
		{B121CA42-2DB6-471D-A48E-1466125DBE60}.Debug|Any CPU.Build.0 = Debug|Any CPU
		{B121CA42-2DB6-471D-A48E-1466125DBE60}.Release|Any CPU.ActiveCfg = Release|Any CPU
		{B121CA42-2DB6-471D-A48E-1466125DBE60}.Release|Any CPU.Build.0 = Release|Any CPU
	EndGlobalSection
	GlobalSection(SolutionProperties) = preSolution
		HideSolutionNode = FALSE
	EndGlobalSection
	GlobalSection(ExtensibilityGlobals) = postSolution
		SolutionGuid = {D9D88CFB-4F3E-41B8-B2F3-8291AFACB38E}
	EndGlobalSection
EndGlobal
